
Microsoft Visual Studio Solution File, Format Version 12.00
# Visual Studio Version 16
VisualStudioVersion = 16.0.28803.202
MinimumVisualStudioVersion = 10.0.40219.1
Project("{FAE04EC0-301F-11D3-BF4B-00C04F79EFBC}") = "SportsStore.Domain", "SportsStore.Domain\SportsStore.Domain.csproj", "{72511A9C-3476-4313-A503-93B60ABA7935}"
EndProject
Project("{FAE04EC0-301F-11D3-BF4B-00C04F79EFBC}") = "SportsStore.WebUI", "SportsStore.WebUI\SportsStore.WebUI.csproj", "{CAC545C9-2D65-4911-BBB8-7C3BEFFB49C4}"
EndProject
Project("{FAE04EC0-301F-11D3-BF4B-00C04F79EFBC}") = "SportsStore.UnitTests", "SportsStore.UnitTests\SportsStore.UnitTests.csproj", "{AF28A53D-0210-4AE2-B66A-A1626912B8EE}"
EndProject
Global
	GlobalSection(SolutionConfigurationPlatforms) = preSolution
		Debug|Any CPU = Debug|Any CPU
		Release|Any CPU = Release|Any CPU
	EndGlobalSection
	GlobalSection(ProjectConfigurationPlatforms) = postSolution
		{72511A9C-3476-4313-A503-93B60ABA7935}.Debug|Any CPU.ActiveCfg = Debug|Any CPU
		{72511A9C-3476-4313-A503-93B60ABA7935}.Debug|Any CPU.Build.0 = Debug|Any CPU
		{72511A9C-3476-4313-A503-93B60ABA7935}.Release|Any CPU.ActiveCfg = Release|Any CPU
		{72511A9C-3476-4313-A503-93B60ABA7935}.Release|Any CPU.Build.0 = Release|Any CPU
		{CAC545C9-2D65-4911-BBB8-7C3BEFFB49C4}.Debug|Any CPU.ActiveCfg = Debug|Any CPU
		{CAC545C9-2D65-4911-BBB8-7C3BEFFB49C4}.Debug|Any CPU.Build.0 = Debug|Any CPU
		{CAC545C9-2D65-4911-BBB8-7C3BEFFB49C4}.Release|Any CPU.ActiveCfg = Release|Any CPU
		{CAC545C9-2D65-4911-BBB8-7C3BEFFB49C4}.Release|Any CPU.Build.0 = Release|Any CPU
		{AF28A53D-0210-4AE2-B66A-A1626912B8EE}.Debug|Any CPU.ActiveCfg = Debug|Any CPU
		{AF28A53D-0210-4AE2-B66A-A1626912B8EE}.Debug|Any CPU.Build.0 = Debug|Any CPU
		{AF28A53D-0210-4AE2-B66A-A1626912B8EE}.Release|Any CPU.ActiveCfg = Release|Any CPU
		{AF28A53D-0210-4AE2-B66A-A1626912B8EE}.Release|Any CPU.Build.0 = Release|Any CPU
	EndGlobalSection
	GlobalSection(SolutionProperties) = preSolution
		HideSolutionNode = FALSE
	EndGlobalSection
	GlobalSection(ExtensibilityGlobals) = postSolution
		SolutionGuid = {272255DA-35CD-47C4-92F5-9D211ACF19DE}
	EndGlobalSection
EndGlobal
